%{"certifi": {:hex, :certifi, "0.3.0"},
  "floki": {:hex, :floki, "0.7.2"},
  "hackney": {:hex, :hackney, "1.4.10"},
  "httpoison": {:hex, :httpoison, "0.8.1"},
  "idna": {:hex, :idna, "1.1.0"},
  "mimerl": {:hex, :mimerl, "1.0.2"},
  "mochiweb": {:hex, :mochiweb, "2.12.2"},
  "sec_recent_filings_rss_feed_parser": {:hex, :sec_recent_filings_rss_feed_parser, "0.0.1"},
  "ssl_verify_hostname": {:hex, :ssl_verify_hostname, "1.0.5"}}
